
Microsoft Visual Studio Solution File, Format Version 12.00
# Visual Studio 2013
VisualStudioVersion = 12.0.30501.0
MinimumVisualStudioVersion = 10.0.40219.1
Project("{FAE04EC0-301F-11D3-BF4B-00C04F79EFBC}") = "LogShipper", "LogShipper\LogShipper.csproj", "{F5670F7B-3B88-4AC3-8A25-469C94B8339D}"
EndProject
Project("{FAE04EC0-301F-11D3-BF4B-00C04F79EFBC}") = "LogShipperTests", "LogShipperTests\LogShipperTests.csproj", "{F2B99E39-55A1-4A1A-9C85-CF3DE002F68A}"
EndProject
Global
	GlobalSection(SolutionConfigurationPlatforms) = preSolution
		Debug|Any CPU = Debug|Any CPU
		Release|Any CPU = Release|Any CPU
	EndGlobalSection
	GlobalSection(ProjectConfigurationPlatforms) = postSolution
		{F5670F7B-3B88-4AC3-8A25-469C94B8339D}.Debug|Any CPU.ActiveCfg = Debug|Any CPU
		{F5670F7B-3B88-4AC3-8A25-469C94B8339D}.Debug|Any CPU.Build.0 = Debug|Any CPU
		{F5670F7B-3B88-4AC3-8A25-469C94B8339D}.Release|Any CPU.ActiveCfg = Release|Any CPU
		{F5670F7B-3B88-4AC3-8A25-469C94B8339D}.Release|Any CPU.Build.0 = Release|Any CPU
		{F2B99E39-55A1-4A1A-9C85-CF3DE002F68A}.Debug|Any CPU.ActiveCfg = Debug|Any CPU
		{F2B99E39-55A1-4A1A-9C85-CF3DE002F68A}.Debug|Any CPU.Build.0 = Debug|Any CPU
		{F2B99E39-55A1-4A1A-9C85-CF3DE002F68A}.Release|Any CPU.ActiveCfg = Release|Any CPU
		{F2B99E39-55A1-4A1A-9C85-CF3DE002F68A}.Release|Any CPU.Build.0 = Release|Any CPU
	EndGlobalSection
	GlobalSection(SolutionProperties) = preSolution
		HideSolutionNode = FALSE
	EndGlobalSection
EndGlobal
